
Microsoft Visual Studio Solution File, Format Version 12.00
# Visual Studio Version 17
VisualStudioVersion = 17.8.34004.107
MinimumVisualStudioVersion = 10.0.40219.1
Project("{2150E333-8FDC-42A3-9474-1A3956D46DE8}") = "1kyu", "1kyu", "{D37B79C8-B92A-42D5-883F-6F87FDBD30C7}"
EndProject
Project("{2150E333-8FDC-42A3-9474-1A3956D46DE8}") = "2kyu", "2kyu", "{E036C13B-0039-40D9-BAFE-E294473D49EE}"
EndProject
Project("{2150E333-8FDC-42A3-9474-1A3956D46DE8}") = "3kyu", "3kyu", "{41D2BFFC-959F-42F8-81D1-36BAA557F455}"
EndProject
Project("{2150E333-8FDC-42A3-9474-1A3956D46DE8}") = "4kyu", "4kyu", "{E9B1B377-06E5-49DD-88B1-0231FC3FAB0D}"
EndProject
Project("{2150E333-8FDC-42A3-9474-1A3956D46DE8}") = "5kyu", "5kyu", "{96F66AEB-95A4-4DF0-998F-211FB620FCB6}"
EndProject
Project("{2150E333-8FDC-42A3-9474-1A3956D46DE8}") = "6kyu", "6kyu", "{5C10FE37-AA4D-4FA0-9A62-2DDAD9192C9E}"
EndProject
Project("{2150E333-8FDC-42A3-9474-1A3956D46DE8}") = "7kyu", "7kyu", "{68025F0F-FCB4-4B3A-8B07-857A7BF6BFD7}"
EndProject
Project("{2150E333-8FDC-42A3-9474-1A3956D46DE8}") = "8kyu", "8kyu", "{AA698613-4A64-41D3-AF32-A1D4A92E33FD}"
EndProject
Project("{9A19103F-16F7-4668-BE54-9A1E7A4F7556}") = "AbbreviateTwoWordName", "AbbreviateTwoWordName\AbbreviateTwoWordName.csproj", "{A3561B08-EB27-4251-B963-A15F4F25BC27}"
EndProject
Project("{9A19103F-16F7-4668-BE54-9A1E7A4F7556}") = "AplusB", "AplusB\AplusB.csproj", "{02D2185B-28F6-425E-868B-40C84E8B7AD5}"
EndProject
Project("{9A19103F-16F7-4668-BE54-9A1E7A4F7556}") = "PaginationHelper", "PaginationHelper\PaginationHelper.csproj", "{39429A3B-237D-49F3-B35B-31AC5A3EB3E3}"
EndProject
Project("{9A19103F-16F7-4668-BE54-9A1E7A4F7556}") = "RemoveStringSpaces", "RemoveStringSpaces\RemoveStringSpaces.csproj", "{9941B058-5B89-4545-9B5C-137D22D362EE}"
EndProject
Project("{9A19103F-16F7-4668-BE54-9A1E7A4F7556}") = "ReverseString", "ReverseString\ReverseString.csproj", "{9350FC96-0C55-43CC-AFA6-C83E808AD574}"
EndProject
Project("{9A19103F-16F7-4668-BE54-9A1E7A4F7556}") = "GetMiddleCharacter", "GetMiddleCharacter\GetMiddleCharacter.csproj", "{FF4CA5CB-7A48-4169-9A64-FC1168D49E0B}"
EndProject
Project("{9A19103F-16F7-4668-BE54-9A1E7A4F7556}") = "EvenOrOdd", "EvenOrOdd\EvenOrOdd.csproj", "{E0A12CE3-2308-4815-99D1-D97ACA59B29C}"
EndProject
Project("{9A19103F-16F7-4668-BE54-9A1E7A4F7556}") = "RGBtoHexConversion", "RGBtoHexConversion\RGBtoHexConversion.csproj", "{4D755C73-DA47-47AE-A029-92F377EC4E57}"
EndProject
Project("{9A19103F-16F7-4668-BE54-9A1E7A4F7556}") = "SplitStrings", "SplitStrings\SplitStrings.csproj", "{5FD743E6-543A-4A50-8AD4-8993DB18142F}"
EndProject
Project("{9A19103F-16F7-4668-BE54-9A1E7A4F7556}") = "CatsAndShelves", "CatsAndShelves\CatsAndShelves.csproj", "{8743A8F3-CDF6-45CF-A6D6-2F1AA3F1ABBC}"
EndProject
Project("{9A19103F-16F7-4668-BE54-9A1E7A4F7556}") = "DetectPangram", "DetectPangram\DetectPangram.csproj", "{8C606516-8778-45B1-85DE-2F95FD06A020}"
EndProject
Project("{9A19103F-16F7-4668-BE54-9A1E7A4F7556}") = "TwoNumbersArePositive", "TwoNumbersArePositive\TwoNumbersArePositive.csproj", "{74704EB0-0A2F-4CBD-8745-02C71CC29EB0}"
EndProject
Project("{9A19103F-16F7-4668-BE54-9A1E7A4F7556}") = "EvenOrOdd_2", "EvenOrOdd_2\EvenOrOdd_2.csproj", "{F0A7DBB6-AF95-4C42-861B-72A21EF66E44}"
EndProject
Project("{9A19103F-16F7-4668-BE54-9A1E7A4F7556}") = "UpperCaseString", "UpperCaseString\UpperCaseString.csproj", "{9A6BBC51-D4F5-4BD7-BE1B-43AB81A008EC}"
EndProject
Project("{9A19103F-16F7-4668-BE54-9A1E7A4F7556}") = "VowelCount", "VowelCount\VowelCount.csproj", "{CCE1B46E-EAB5-4AC5-88A5-2B498E87B1A7}"
EndProject
Project("{9A19103F-16F7-4668-BE54-9A1E7A4F7556}") = "HighestAndLowest", "HighestAndLowest\HighestAndLowest.csproj", "{35837F9C-3639-470B-A0D2-82AA669F8E74}"
EndProject
Project("{9A19103F-16F7-4668-BE54-9A1E7A4F7556}") = "StringEndsWith", "StringEndsWith\StringEndsWith.csproj", "{F95E97A2-3008-41B2-B91B-9F4C11D42246}"
EndProject
Project("{9A19103F-16F7-4668-BE54-9A1E7A4F7556}") = "InvertValues", "InvertValues\InvertValues.csproj", "{CB3CB752-29FA-4F7D-8AE8-886001199313}"
EndProject
Project("{9A19103F-16F7-4668-BE54-9A1E7A4F7556}") = "CalculateAverage", "CalculateAverage\CalculateAverage.csproj", "{24D746FA-8692-4125-ACBB-8AD333A5C78B}"
EndProject
Project("{9A19103F-16F7-4668-BE54-9A1E7A4F7556}") = "ReduceArray", "ReduceArray\ReduceArray.csproj", "{4572F8F9-EF48-4BEB-AC18-4EE7F6C5B560}"
EndProject
Project("{9A19103F-16F7-4668-BE54-9A1E7A4F7556}") = "ConvertStringToArray", "ConvertStringToArray\ConvertStringToArray.csproj", "{70CFF183-0F5E-40CC-84F0-A3CC24B3015A}"
EndProject
Project("{9A19103F-16F7-4668-BE54-9A1E7A4F7556}") = "CalculateBMI", "CalculateBMI\CalculateBMI.csproj", "{37BA1FCC-C7E0-480C-B5E3-0A600878AF20}"
EndProject
Project("{9A19103F-16F7-4668-BE54-9A1E7A4F7556}") = "BasicMathematicalOperations", "BasicMathematicalOperations\BasicMathematicalOperations.csproj", "{87D5EFFB-D757-44D4-BF00-EB7A048538CE}"
EndProject
Project("{9A19103F-16F7-4668-BE54-9A1E7A4F7556}") = "RockPaperScissors", "RockPaperScissors\RockPaperScissors.csproj", "{32EBEF36-79CA-432D-A83F-44D881028521}"
EndProject
Project("{9A19103F-16F7-4668-BE54-9A1E7A4F7556}") = "FindTheOddInt", "FindTheOddInt\FindTheOddInt.csproj", "{3A766671-DF19-45DA-9AFF-F303BBC3836F}"
EndProject
Project("{9A19103F-16F7-4668-BE54-9A1E7A4F7556}") = "StringRepeat", "StringRepeat\StringRepeat.csproj", "{C15B5B57-3A6B-45C8-9DE1-6F53E8F0EA07}"
EndProject
Project("{9A19103F-16F7-4668-BE54-9A1E7A4F7556}") = "ThirdAngleOfATriangle", "ThirdAngleOfATriangle\ThirdAngleOfATriangle.csproj", "{D7D68616-0C5D-479F-AB1A-D8C99ECB20BD}"
EndProject
Project("{9A19103F-16F7-4668-BE54-9A1E7A4F7556}") = "TotalAmountOfPoints", "TotalAmountOfPoints\TotalAmountOfPoints.csproj", "{987E3AE2-30EF-47D1-93AD-868056187AC4}"
EndProject
Project("{9A19103F-16F7-4668-BE54-9A1E7A4F7556}") = "test", "test\test.csproj", "{8593538B-E152-4818-ACC2-91275C210A21}"
EndProject
Project("{FAE04EC0-301F-11D3-BF4B-00C04F79EFBC}") = "DigitalCypher", "DigitalCypher\DigitalCypher.csproj", "{D21494D0-E867-48D5-9EBE-9D737509CD3A}"
EndProject
Global
	GlobalSection(SolutionConfigurationPlatforms) = preSolution
		Debug|Any CPU = Debug|Any CPU
		Release|Any CPU = Release|Any CPU
	EndGlobalSection
	GlobalSection(ProjectConfigurationPlatforms) = postSolution
		{A3561B08-EB27-4251-B963-A15F4F25BC27}.Debug|Any CPU.ActiveCfg = Debug|Any CPU
		{A3561B08-EB27-4251-B963-A15F4F25BC27}.Debug|Any CPU.Build.0 = Debug|Any CPU
		{A3561B08-EB27-4251-B963-A15F4F25BC27}.Release|Any CPU.ActiveCfg = Release|Any CPU
		{A3561B08-EB27-4251-B963-A15F4F25BC27}.Release|Any CPU.Build.0 = Release|Any CPU
		{02D2185B-28F6-425E-868B-40C84E8B7AD5}.Debug|Any CPU.ActiveCfg = Debug|Any CPU
		{02D2185B-28F6-425E-868B-40C84E8B7AD5}.Debug|Any CPU.Build.0 = Debug|Any CPU
		{02D2185B-28F6-425E-868B-40C84E8B7AD5}.Release|Any CPU.ActiveCfg = Release|Any CPU
		{02D2185B-28F6-425E-868B-40C84E8B7AD5}.Release|Any CPU.Build.0 = Release|Any CPU
		{39429A3B-237D-49F3-B35B-31AC5A3EB3E3}.Debug|Any CPU.ActiveCfg = Debug|Any CPU
		{39429A3B-237D-49F3-B35B-31AC5A3EB3E3}.Debug|Any CPU.Build.0 = Debug|Any CPU
		{39429A3B-237D-49F3-B35B-31AC5A3EB3E3}.Release|Any CPU.ActiveCfg = Release|Any CPU
		{39429A3B-237D-49F3-B35B-31AC5A3EB3E3}.Release|Any CPU.Build.0 = Release|Any CPU
		{9941B058-5B89-4545-9B5C-137D22D362EE}.Debug|Any CPU.ActiveCfg = Debug|Any CPU
		{9941B058-5B89-4545-9B5C-137D22D362EE}.Debug|Any CPU.Build.0 = Debug|Any CPU
		{9941B058-5B89-4545-9B5C-137D22D362EE}.Release|Any CPU.ActiveCfg = Release|Any CPU
		{9941B058-5B89-4545-9B5C-137D22D362EE}.Release|Any CPU.Build.0 = Release|Any CPU
		{9350FC96-0C55-43CC-AFA6-C83E808AD574}.Debug|Any CPU.ActiveCfg = Debug|Any CPU
		{9350FC96-0C55-43CC-AFA6-C83E808AD574}.Debug|Any CPU.Build.0 = Debug|Any CPU
		{9350FC96-0C55-43CC-AFA6-C83E808AD574}.Release|Any CPU.ActiveCfg = Release|Any CPU
		{9350FC96-0C55-43CC-AFA6-C83E808AD574}.Release|Any CPU.Build.0 = Release|Any CPU
		{FF4CA5CB-7A48-4169-9A64-FC1168D49E0B}.Debug|Any CPU.ActiveCfg = Debug|Any CPU
		{FF4CA5CB-7A48-4169-9A64-FC1168D49E0B}.Debug|Any CPU.Build.0 = Debug|Any CPU
		{FF4CA5CB-7A48-4169-9A64-FC1168D49E0B}.Release|Any CPU.ActiveCfg = Release|Any CPU
		{FF4CA5CB-7A48-4169-9A64-FC1168D49E0B}.Release|Any CPU.Build.0 = Release|Any CPU
		{E0A12CE3-2308-4815-99D1-D97ACA59B29C}.Debug|Any CPU.ActiveCfg = Debug|Any CPU
		{E0A12CE3-2308-4815-99D1-D97ACA59B29C}.Debug|Any CPU.Build.0 = Debug|Any CPU
		{E0A12CE3-2308-4815-99D1-D97ACA59B29C}.Release|Any CPU.ActiveCfg = Release|Any CPU
		{E0A12CE3-2308-4815-99D1-D97ACA59B29C}.Release|Any CPU.Build.0 = Release|Any CPU
		{4D755C73-DA47-47AE-A029-92F377EC4E57}.Debug|Any CPU.ActiveCfg = Debug|Any CPU
		{4D755C73-DA47-47AE-A029-92F377EC4E57}.Debug|Any CPU.Build.0 = Debug|Any CPU
		{4D755C73-DA47-47AE-A029-92F377EC4E57}.Release|Any CPU.ActiveCfg = Release|Any CPU
		{4D755C73-DA47-47AE-A029-92F377EC4E57}.Release|Any CPU.Build.0 = Release|Any CPU
		{5FD743E6-543A-4A50-8AD4-8993DB18142F}.Debug|Any CPU.ActiveCfg = Debug|Any CPU
		{5FD743E6-543A-4A50-8AD4-8993DB18142F}.Debug|Any CPU.Build.0 = Debug|Any CPU
		{5FD743E6-543A-4A50-8AD4-8993DB18142F}.Release|Any CPU.ActiveCfg = Release|Any CPU
		{5FD743E6-543A-4A50-8AD4-8993DB18142F}.Release|Any CPU.Build.0 = Release|Any CPU
		{8743A8F3-CDF6-45CF-A6D6-2F1AA3F1ABBC}.Debug|Any CPU.ActiveCfg = Debug|Any CPU
		{8743A8F3-CDF6-45CF-A6D6-2F1AA3F1ABBC}.Debug|Any CPU.Build.0 = Debug|Any CPU
		{8743A8F3-CDF6-45CF-A6D6-2F1AA3F1ABBC}.Release|Any CPU.ActiveCfg = Release|Any CPU
		{8743A8F3-CDF6-45CF-A6D6-2F1AA3F1ABBC}.Release|Any CPU.Build.0 = Release|Any CPU
		{8C606516-8778-45B1-85DE-2F95FD06A020}.Debug|Any CPU.ActiveCfg = Debug|Any CPU
		{8C606516-8778-45B1-85DE-2F95FD06A020}.Debug|Any CPU.Build.0 = Debug|Any CPU
		{8C606516-8778-45B1-85DE-2F95FD06A020}.Release|Any CPU.ActiveCfg = Release|Any CPU
		{8C606516-8778-45B1-85DE-2F95FD06A020}.Release|Any CPU.Build.0 = Release|Any CPU
		{74704EB0-0A2F-4CBD-8745-02C71CC29EB0}.Debug|Any CPU.ActiveCfg = Debug|Any CPU
		{74704EB0-0A2F-4CBD-8745-02C71CC29EB0}.Debug|Any CPU.Build.0 = Debug|Any CPU
		{74704EB0-0A2F-4CBD-8745-02C71CC29EB0}.Release|Any CPU.ActiveCfg = Release|Any CPU
		{74704EB0-0A2F-4CBD-8745-02C71CC29EB0}.Release|Any CPU.Build.0 = Release|Any CPU
		{F0A7DBB6-AF95-4C42-861B-72A21EF66E44}.Debug|Any CPU.ActiveCfg = Debug|Any CPU
		{F0A7DBB6-AF95-4C42-861B-72A21EF66E44}.Debug|Any CPU.Build.0 = Debug|Any CPU
		{F0A7DBB6-AF95-4C42-861B-72A21EF66E44}.Release|Any CPU.ActiveCfg = Release|Any CPU
		{F0A7DBB6-AF95-4C42-861B-72A21EF66E44}.Release|Any CPU.Build.0 = Release|Any CPU
		{9A6BBC51-D4F5-4BD7-BE1B-43AB81A008EC}.Debug|Any CPU.ActiveCfg = Debug|Any CPU
		{9A6BBC51-D4F5-4BD7-BE1B-43AB81A008EC}.Debug|Any CPU.Build.0 = Debug|Any CPU
		{9A6BBC51-D4F5-4BD7-BE1B-43AB81A008EC}.Release|Any CPU.ActiveCfg = Release|Any CPU
		{9A6BBC51-D4F5-4BD7-BE1B-43AB81A008EC}.Release|Any CPU.Build.0 = Release|Any CPU
		{CCE1B46E-EAB5-4AC5-88A5-2B498E87B1A7}.Debug|Any CPU.ActiveCfg = Debug|Any CPU
		{CCE1B46E-EAB5-4AC5-88A5-2B498E87B1A7}.Debug|Any CPU.Build.0 = Debug|Any CPU
		{CCE1B46E-EAB5-4AC5-88A5-2B498E87B1A7}.Release|Any CPU.ActiveCfg = Release|Any CPU
		{CCE1B46E-EAB5-4AC5-88A5-2B498E87B1A7}.Release|Any CPU.Build.0 = Release|Any CPU
		{35837F9C-3639-470B-A0D2-82AA669F8E74}.Debug|Any CPU.ActiveCfg = Debug|Any CPU
		{35837F9C-3639-470B-A0D2-82AA669F8E74}.Debug|Any CPU.Build.0 = Debug|Any CPU
		{35837F9C-3639-470B-A0D2-82AA669F8E74}.Release|Any CPU.ActiveCfg = Release|Any CPU
		{35837F9C-3639-470B-A0D2-82AA669F8E74}.Release|Any CPU.Build.0 = Release|Any CPU
		{F95E97A2-3008-41B2-B91B-9F4C11D42246}.Debug|Any CPU.ActiveCfg = Debug|Any CPU
		{F95E97A2-3008-41B2-B91B-9F4C11D42246}.Debug|Any CPU.Build.0 = Debug|Any CPU
		{F95E97A2-3008-41B2-B91B-9F4C11D42246}.Release|Any CPU.ActiveCfg = Release|Any CPU
		{F95E97A2-3008-41B2-B91B-9F4C11D42246}.Release|Any CPU.Build.0 = Release|Any CPU
		{CB3CB752-29FA-4F7D-8AE8-886001199313}.Debug|Any CPU.ActiveCfg = Debug|Any CPU
		{CB3CB752-29FA-4F7D-8AE8-886001199313}.Debug|Any CPU.Build.0 = Debug|Any CPU
		{CB3CB752-29FA-4F7D-8AE8-886001199313}.Release|Any CPU.ActiveCfg = Release|Any CPU
		{CB3CB752-29FA-4F7D-8AE8-886001199313}.Release|Any CPU.Build.0 = Release|Any CPU
		{24D746FA-8692-4125-ACBB-8AD333A5C78B}.Debug|Any CPU.ActiveCfg = Debug|Any CPU
		{24D746FA-8692-4125-ACBB-8AD333A5C78B}.Debug|Any CPU.Build.0 = Debug|Any CPU
		{24D746FA-8692-4125-ACBB-8AD333A5C78B}.Release|Any CPU.ActiveCfg = Release|Any CPU
		{24D746FA-8692-4125-ACBB-8AD333A5C78B}.Release|Any CPU.Build.0 = Release|Any CPU
		{4572F8F9-EF48-4BEB-AC18-4EE7F6C5B560}.Debug|Any CPU.ActiveCfg = Debug|Any CPU
		{4572F8F9-EF48-4BEB-AC18-4EE7F6C5B560}.Debug|Any CPU.Build.0 = Debug|Any CPU
		{4572F8F9-EF48-4BEB-AC18-4EE7F6C5B560}.Release|Any CPU.ActiveCfg = Release|Any CPU
		{4572F8F9-EF48-4BEB-AC18-4EE7F6C5B560}.Release|Any CPU.Build.0 = Release|Any CPU
		{70CFF183-0F5E-40CC-84F0-A3CC24B3015A}.Debug|Any CPU.ActiveCfg = Debug|Any CPU
		{70CFF183-0F5E-40CC-84F0-A3CC24B3015A}.Debug|Any CPU.Build.0 = Debug|Any CPU
		{70CFF183-0F5E-40CC-84F0-A3CC24B3015A}.Release|Any CPU.ActiveCfg = Release|Any CPU
		{70CFF183-0F5E-40CC-84F0-A3CC24B3015A}.Release|Any CPU.Build.0 = Release|Any CPU
		{37BA1FCC-C7E0-480C-B5E3-0A600878AF20}.Debug|Any CPU.ActiveCfg = Debug|Any CPU
		{37BA1FCC-C7E0-480C-B5E3-0A600878AF20}.Debug|Any CPU.Build.0 = Debug|Any CPU
		{37BA1FCC-C7E0-480C-B5E3-0A600878AF20}.Release|Any CPU.ActiveCfg = Release|Any CPU
		{37BA1FCC-C7E0-480C-B5E3-0A600878AF20}.Release|Any CPU.Build.0 = Release|Any CPU
		{87D5EFFB-D757-44D4-BF00-EB7A048538CE}.Debug|Any CPU.ActiveCfg = Debug|Any CPU
		{87D5EFFB-D757-44D4-BF00-EB7A048538CE}.Debug|Any CPU.Build.0 = Debug|Any CPU
		{87D5EFFB-D757-44D4-BF00-EB7A048538CE}.Release|Any CPU.ActiveCfg = Release|Any CPU
		{87D5EFFB-D757-44D4-BF00-EB7A048538CE}.Release|Any CPU.Build.0 = Release|Any CPU
		{32EBEF36-79CA-432D-A83F-44D881028521}.Debug|Any CPU.ActiveCfg = Debug|Any CPU
		{32EBEF36-79CA-432D-A83F-44D881028521}.Debug|Any CPU.Build.0 = Debug|Any CPU
		{32EBEF36-79CA-432D-A83F-44D881028521}.Release|Any CPU.ActiveCfg = Release|Any CPU
		{32EBEF36-79CA-432D-A83F-44D881028521}.Release|Any CPU.Build.0 = Release|Any CPU
		{3A766671-DF19-45DA-9AFF-F303BBC3836F}.Debug|Any CPU.ActiveCfg = Debug|Any CPU
		{3A766671-DF19-45DA-9AFF-F303BBC3836F}.Debug|Any CPU.Build.0 = Debug|Any CPU
		{3A766671-DF19-45DA-9AFF-F303BBC3836F}.Release|Any CPU.ActiveCfg = Release|Any CPU
		{3A766671-DF19-45DA-9AFF-F303BBC3836F}.Release|Any CPU.Build.0 = Release|Any CPU
		{C15B5B57-3A6B-45C8-9DE1-6F53E8F0EA07}.Debug|Any CPU.ActiveCfg = Debug|Any CPU
		{C15B5B57-3A6B-45C8-9DE1-6F53E8F0EA07}.Debug|Any CPU.Build.0 = Debug|Any CPU
		{C15B5B57-3A6B-45C8-9DE1-6F53E8F0EA07}.Release|Any CPU.ActiveCfg = Release|Any CPU
		{C15B5B57-3A6B-45C8-9DE1-6F53E8F0EA07}.Release|Any CPU.Build.0 = Release|Any CPU
		{D7D68616-0C5D-479F-AB1A-D8C99ECB20BD}.Debug|Any CPU.ActiveCfg = Debug|Any CPU
		{D7D68616-0C5D-479F-AB1A-D8C99ECB20BD}.Debug|Any CPU.Build.0 = Debug|Any CPU
		{D7D68616-0C5D-479F-AB1A-D8C99ECB20BD}.Release|Any CPU.ActiveCfg = Release|Any CPU
		{D7D68616-0C5D-479F-AB1A-D8C99ECB20BD}.Release|Any CPU.Build.0 = Release|Any CPU
		{987E3AE2-30EF-47D1-93AD-868056187AC4}.Debug|Any CPU.ActiveCfg = Debug|Any CPU
		{987E3AE2-30EF-47D1-93AD-868056187AC4}.Debug|Any CPU.Build.0 = Debug|Any CPU
		{987E3AE2-30EF-47D1-93AD-868056187AC4}.Release|Any CPU.ActiveCfg = Release|Any CPU
		{987E3AE2-30EF-47D1-93AD-868056187AC4}.Release|Any CPU.Build.0 = Release|Any CPU
		{8593538B-E152-4818-ACC2-91275C210A21}.Debug|Any CPU.ActiveCfg = Debug|Any CPU
		{8593538B-E152-4818-ACC2-91275C210A21}.Debug|Any CPU.Build.0 = Debug|Any CPU
		{8593538B-E152-4818-ACC2-91275C210A21}.Release|Any CPU.ActiveCfg = Release|Any CPU
		{8593538B-E152-4818-ACC2-91275C210A21}.Release|Any CPU.Build.0 = Release|Any CPU
		{D21494D0-E867-48D5-9EBE-9D737509CD3A}.Debug|Any CPU.ActiveCfg = Debug|Any CPU
		{D21494D0-E867-48D5-9EBE-9D737509CD3A}.Debug|Any CPU.Build.0 = Debug|Any CPU
		{D21494D0-E867-48D5-9EBE-9D737509CD3A}.Release|Any CPU.ActiveCfg = Release|Any CPU
		{D21494D0-E867-48D5-9EBE-9D737509CD3A}.Release|Any CPU.Build.0 = Release|Any CPU
	EndGlobalSection
	GlobalSection(SolutionProperties) = preSolution
		HideSolutionNode = FALSE
	EndGlobalSection
	GlobalSection(NestedProjects) = preSolution
		{A3561B08-EB27-4251-B963-A15F4F25BC27} = {AA698613-4A64-41D3-AF32-A1D4A92E33FD}
		{02D2185B-28F6-425E-868B-40C84E8B7AD5} = {AA698613-4A64-41D3-AF32-A1D4A92E33FD}
		{39429A3B-237D-49F3-B35B-31AC5A3EB3E3} = {96F66AEB-95A4-4DF0-998F-211FB620FCB6}
		{9941B058-5B89-4545-9B5C-137D22D362EE} = {AA698613-4A64-41D3-AF32-A1D4A92E33FD}
		{9350FC96-0C55-43CC-AFA6-C83E808AD574} = {AA698613-4A64-41D3-AF32-A1D4A92E33FD}
		{FF4CA5CB-7A48-4169-9A64-FC1168D49E0B} = {AA698613-4A64-41D3-AF32-A1D4A92E33FD}
		{E0A12CE3-2308-4815-99D1-D97ACA59B29C} = {AA698613-4A64-41D3-AF32-A1D4A92E33FD}
		{4D755C73-DA47-47AE-A029-92F377EC4E57} = {96F66AEB-95A4-4DF0-998F-211FB620FCB6}
		{5FD743E6-543A-4A50-8AD4-8993DB18142F} = {5C10FE37-AA4D-4FA0-9A62-2DDAD9192C9E}
		{8743A8F3-CDF6-45CF-A6D6-2F1AA3F1ABBC} = {68025F0F-FCB4-4B3A-8B07-857A7BF6BFD7}
		{8C606516-8778-45B1-85DE-2F95FD06A020} = {5C10FE37-AA4D-4FA0-9A62-2DDAD9192C9E}
		{74704EB0-0A2F-4CBD-8745-02C71CC29EB0} = {68025F0F-FCB4-4B3A-8B07-857A7BF6BFD7}
		{F0A7DBB6-AF95-4C42-861B-72A21EF66E44} = {68025F0F-FCB4-4B3A-8B07-857A7BF6BFD7}
		{9A6BBC51-D4F5-4BD7-BE1B-43AB81A008EC} = {AA698613-4A64-41D3-AF32-A1D4A92E33FD}
		{CCE1B46E-EAB5-4AC5-88A5-2B498E87B1A7} = {68025F0F-FCB4-4B3A-8B07-857A7BF6BFD7}
		{35837F9C-3639-470B-A0D2-82AA669F8E74} = {68025F0F-FCB4-4B3A-8B07-857A7BF6BFD7}
		{F95E97A2-3008-41B2-B91B-9F4C11D42246} = {68025F0F-FCB4-4B3A-8B07-857A7BF6BFD7}
		{CB3CB752-29FA-4F7D-8AE8-886001199313} = {AA698613-4A64-41D3-AF32-A1D4A92E33FD}
		{24D746FA-8692-4125-ACBB-8AD333A5C78B} = {AA698613-4A64-41D3-AF32-A1D4A92E33FD}
		{4572F8F9-EF48-4BEB-AC18-4EE7F6C5B560} = {AA698613-4A64-41D3-AF32-A1D4A92E33FD}
		{70CFF183-0F5E-40CC-84F0-A3CC24B3015A} = {AA698613-4A64-41D3-AF32-A1D4A92E33FD}
		{37BA1FCC-C7E0-480C-B5E3-0A600878AF20} = {AA698613-4A64-41D3-AF32-A1D4A92E33FD}
		{87D5EFFB-D757-44D4-BF00-EB7A048538CE} = {AA698613-4A64-41D3-AF32-A1D4A92E33FD}
		{32EBEF36-79CA-432D-A83F-44D881028521} = {AA698613-4A64-41D3-AF32-A1D4A92E33FD}
		{3A766671-DF19-45DA-9AFF-F303BBC3836F} = {5C10FE37-AA4D-4FA0-9A62-2DDAD9192C9E}
		{C15B5B57-3A6B-45C8-9DE1-6F53E8F0EA07} = {AA698613-4A64-41D3-AF32-A1D4A92E33FD}
		{D7D68616-0C5D-479F-AB1A-D8C99ECB20BD} = {AA698613-4A64-41D3-AF32-A1D4A92E33FD}
		{987E3AE2-30EF-47D1-93AD-868056187AC4} = {AA698613-4A64-41D3-AF32-A1D4A92E33FD}
		{8593538B-E152-4818-ACC2-91275C210A21} = {AA698613-4A64-41D3-AF32-A1D4A92E33FD}
		{D21494D0-E867-48D5-9EBE-9D737509CD3A} = {68025F0F-FCB4-4B3A-8B07-857A7BF6BFD7}
	EndGlobalSection
	GlobalSection(ExtensibilityGlobals) = postSolution
		SolutionGuid = {6DCDBBF6-D06E-49CF-AD8B-FB0AD3631AA5}
	EndGlobalSection
EndGlobal
